{
    "_meta": {
        "hash": {
            "sha256": "45cc185d3e6c962acf7cce59e6d2cdd15bd523b412f6eba0aeb4d6d29a79fc86"
        },
        "pipfile-spec": 6,
        "requires": {
            "python_version": "3.7"
        },
        "sources": [
            {
                "name": "pypi",
                "url": "https://pypi.python.org/simple",
                "verify_ssl": true
            }
        ]
    },
    "default": {
        "booleanoperations": {
            "hashes": [
                "sha256:62723b7cabe3e727546df945c155e2f8be9514ef8c4f3b2f0f5cdb24ebbcfdf1",
                "sha256:e405de0126aaf0f6e4f3dcebd18079db601e825e123cb095366b2a50e9abbc8c"
            ],
            "version": "==0.8.0"
        },
        "compreffor": {
            "hashes": [
                "sha256:115e4482a7c6cc38875d912f6174a33325c0dd897b3a16fec9b691c6ab930dd7",
                "sha256:1514e847ccb7ddedfd737a5b4d9288d2373c487ba442df831b53da20b63eca8c",
                "sha256:1d920117959f0b1ffd139a750f7871290094047d12aa8d2511522c9054e54a2d",
                "sha256:1ef625b544f334ed9e499a7ded0a0f9dfc540ed4c2d97648281d0438981fbd26",
                "sha256:2f7f0252022819add4d9d4ff61de0cb3aa798c029715cdf165cea2f4389d9eee",
                "sha256:341a5f4e98651ad78833df37cc6ac7551a6c402708642928faf36812ed362c77",
                "sha256:3a0d9d58aa52388231b06c82c6179742b5489e7505c22814c727de2515cb13ec",
                "sha256:5263d09b9d77a3778a5e912dcf1ec83a380ba1fe2b9677891f02f6fd82859a01",
                "sha256:682c5bbd3ce0dc0113d04ef82479a1c8e70c4b59c17be30ba7075f7435696362",
                "sha256:6e3027d0247f3c52dbda7bce1143c9e2c7aa4a496c8e0d76d7dc424bfc9a6749",
                "sha256:6e53a103b89c3f33e173cc1485652b96a7064438bce7efae571ff5c29312eefb",
                "sha256:7056beebec3a64b47300bbcddbf93f3fa6e0d5258767c4b6ea2fdd0cee13ec87",
                "sha256:70cec399f09f506ac25c3b9d5c5f05a12c2f921aeab12dbe273df2f9b0441f7b",
                "sha256:71e053c6c2227016d6c87bc246d97ad30a91f5f2f63e09a1a0fbab18af425cde",
                "sha256:778f7ca8e8584dc20153e9823d4384a5651d33b416d38e25e2288e8be1a243d2",
                "sha256:7a94115e4ff16657f9e869a4131f5567cc28732a0b8fae3e18eb669d4b17f9ec",
                "sha256:9cc069bef16cd95ca8e500dfd75a5308cb63265ad38e407e45a0dad86a3756e6",
                "sha256:9d50df4cae35e1308163654b9b693abb859252d3affd181abb435c579f3fbb5d",
                "sha256:b521d33dedd3dc92fe434de96e5e73beed646c752cbf977d9f6cb2030d89b408",
                "sha256:c3e2bb069aba38a0f519f6359530d2ddddcc39f0367abc805b7464360567c695",
                "sha256:c7635ea46ea2c3811535d1a41f41d41064d0155261c356709aadf4c2ed0e734e",
                "sha256:d82f43c5fa02884ea79a348a43b8f2d7d3a1f5c50b04f9fd739dff10c8d6a99b",
                "sha256:e845e763c273a05ecfab5d30e479a9b1ce268c5e3c123a884927ca2ad85b284c"
            ],
            "version": "==0.4.6.post1"
        },
        "cu2qu": {
            "hashes": [
                "sha256:0ab43303bc1e010c285bec278f6a6ffcd395a8a0e9c0443718a0e377ce3e704f",
                "sha256:10a0b22254f9781909f77ab1b471ed0120b9de81a221e97053a11cf4bbf4db6f",
                "sha256:11a718a57c3e6595eef0fa917ec6c6867e93781cf594e97e753cc37143044755",
                "sha256:2260c3c638576945985b6a58de24ee0bf33f20cd2e495d529312eaa648066a5a",
                "sha256:3b9c218986b9b779cdc0768b6c901243c93ae2f337feeaf1c80a79eb8c2df81b",
                "sha256:4a997dea5a7a07a3649237cefad57aa1134d18687d6268d84190b03d46669218",
                "sha256:89c46655ea139568ad2d2ae5778244342eb2f12d19b8d2929a538f2082844dea",
                "sha256:8a30c375d1de626db52c36cbaa1ffcad3dee4e741f41a124b2adf11ba47c82b8",
                "sha256:8ffda9ab0dec7f6249a93432c274d62a72b9a0ee6787b8027929ced3d6585fb5",
                "sha256:b3cd53d909e15e83eccb35537d3b27ee61b97dad7440d7975964a9896bafe648",
                "sha256:be920fef28a4dade50c3c0ccfadd813894481ddae4a8a62ff4d4f004bbe192eb",
                "sha256:ca9084fec41d20e4a1a506a2984b5f5ebc2a68568b3aa97dab53c47c754dbed9",
                "sha256:d6bb169aebda1403c7e08eb68b2c81515f62f1b27f8866e1adb0ad7141470794",
                "sha256:d7461fe12ae42ebe4427c1d588270b184c57a6a9667dd5af82e62dc2925bde06",
                "sha256:e2fa6dbdfec0515f939685ddbc211a564ce954998d114b43c43a20d6a54e5da4",
                "sha256:e321e12fdce96b98e6fa7e25422bda4980181157058dd8925a53fa0d018e5e24",
                "sha256:e7ff729c3ad0d9815da70088dc7960fe983594ccfd0704761c5c756320e25867",
                "sha256:eb86d5cefed83d15bac7b470719044b003322d476c99b954fbbb3884793a69be",
                "sha256:fd75aa7c7f9a0d70daafd250a6d7acc9bbfecd1ec5c4bb4e4b96b8c9b986ed0d"
            ],
            "version": "==1.6.4"
        },
        "defcon": {
            "hashes": [
                "sha256:4c1b45c3d8bc24ec2560f355a899f853ddb715b401862e8c99aaefdec8599de0",
                "sha256:f9a254b6b112b92bfb92f1a315440904a96c89de7d7f17bf5b72533c98e7ddbc"
            ],
            "version": "==0.5.3"
        },
        "fontmake": {
            "hashes": [
                "sha256:718f40f8e1e001f497c9d1269d8ec6399c05375dfbf4df7f885a10139a7cd994",
                "sha256:8792da290a94fe9b1b2f74db17a42bcc1c91b113ff11494bbefc799ef42a1a9b"
            ],
            "index": "pypi",
            "version": "==1.7.5"
        },
        "fontmath": {
            "hashes": [
                "sha256:6d80531c5ccdd2a6f01ce2b97b19aa133ea206a2edab26b3716d9b0306dd0bf5",
                "sha256:c0c6dcee170893c252f7753ec21e3a33548f5e8f0b9cdfc2536daff93ec2558a"
            ],
            "version": "==0.4.7"
        },
        "fonttools": {
            "hashes": [
                "sha256:755a2d44fe080d4720bf3398b78d68ff3345f7fd1f0213e654eedccbe5315596",
                "sha256:95e86519b18183dc3c230e9b2233a69add3f631ec43c8725a553844a7d12c2c4"
            ],
            "index": "pypi",
            "version": "==3.30.0"
        },
        "glyphslib": {
            "hashes": [
                "sha256:af8192ce12b5dc0eddcc540380a9e7489d32f6f1b2a6221195865bd6f46d7701",
                "sha256:f3da4f97eb35654e3a6451ebd6a37f3fa39ccfc34e9fbee323d695e3db25a316"
            ],
            "version": "==3.1.2"
        },
        "lxml": {
            "hashes": [
                "sha256:02bc220d61f46e9b9d5a53c361ef95e9f5e1d27171cd461dddb17677ae2289a5",
                "sha256:22f253b542a342755f6cfc047fe4d3a296515cf9b542bc6e261af45a80b8caf6",
                "sha256:2f31145c7ff665b330919bfa44aacd3a0211a76ca7e7b441039d2a0b0451e415",
                "sha256:36720698c29e7a9626a0dc802ef8885f8f0239bfd1689628ecd459a061f2807f",
                "sha256:438a1b0203545521f6616132bfe0f4bca86f8a401364008b30e2b26ec408ce85",
                "sha256:4815892904c336bbaf73dafd54f45f69f4021c22b5bad7332176bbf4fb830568",
                "sha256:5be031b0f15ad63910d8e5038b489d95a79929513b3634ad4babf77100602588",
                "sha256:5c93ae37c3c588e829b037fdfbd64a6e40c901d3f93f7beed6d724c44829a3ad",
                "sha256:60842230678674cdac4a1cf0f707ef12d75b9a4fc4a565add4f710b5fcf185d5",
                "sha256:62939a8bb6758d1bf923aa1c13f0bcfa9bf5b2fc0f5fa917a6e25db5fe0cfa4e",
                "sha256:75830c06a62fe7b8fe3bbb5f269f0b308f19f3949ac81cfd40062f47c1455faf",
                "sha256:81992565b74332c7c1aff6a913a3e906771aa81c9d0c68c68113cffcae45bc53",
                "sha256:8c892fb0ee52c594d9a7751c7d7356056a9682674b92cc1c4dc968ff0f30c52f",
                "sha256:9d862e3cf4fc1f2837dedce9c42269c8c76d027e49820a548ac89fdcee1e361f",
                "sha256:a623965c086a6e91bb703d4da62dabe59fe88888e82c4117d544e11fd74835d6",
                "sha256:a7783ab7f6a508b0510490cef9f857b763d796ba7476d9703f89722928d1e113",
                "sha256:aab09fbe8abfa3b9ce62aaf45aca2d28726b1b9ee44871dbe644050a2fff4940",
                "sha256:abf181934ac3ef193832fb973fd7f6149b5c531903c2ec0f1220941d73eee601",
                "sha256:ae07fa0c115733fce1e9da96a3ac3fa24801742ca17e917e0c79d63a01eeb843",
                "sha256:b9c78242219f674ab645ec571c9a95d70f381319a23911941cd2358a8e0521cf",
                "sha256:bccb267678b870d9782c3b44d0cefe3ba0e329f9af8c946d32bf3778e7a4f271",
                "sha256:c4df4d27f4c93b2cef74579f00b1d3a31a929c7d8023f870c4b476f03a274db4",
                "sha256:caf0e50b546bb60dfa99bb18dfa6748458a83131ecdceaf5c071d74907e7e78a",
                "sha256:d3266bd3ac59ac4edcd5fa75165dee80b94a3e5c91049df5f7c057ccf097551c",
                "sha256:db0d213987bcd4e6d41710fb4532b22315b0d8fb439ff901782234456556aed1",
                "sha256:dbbd5cf7690a40a9f0a9325ab480d0fccf46d16b378eefc08e195d84299bfae1",
                "sha256:e16e07a0ec3a75b5ee61f2b1003c35696738f937dc8148fbda9fe2147ccb6e61",
                "sha256:e175a006725c7faadbe69e791877d09936c0ef2cf49d01b60a6c1efcb0e8be6f",
                "sha256:edd9c13a97f6550f9da2236126bb51c092b3b1ce6187f2bd966533ad794bbb5e",
                "sha256:fa39ea60d527fbdd94215b5e5552f1c6a912624521093f1384a491a8ad89ad8b"
            ],
            "markers": "extra == 'lxml'",
            "version": "==4.2.5"
        },
        "mutatormath": {
            "hashes": [
                "sha256:3353fdd0d1beb13bda458265573bbefa0d4afb5aa5f9e4d3503cb9d3b0623f12",
                "sha256:e6da8ae2a7008085ee0bac6d62737d37b90ce4a883d89a0f3d5c19dd350b0538"
            ],
            "version": "==2.1.1"
        },
        "pyclipper": {
            "hashes": [
                "sha256:0b37d39bd9d4f330918de20c169e7d74108217a752533ec6ac54c6a8825adcec",
                "sha256:0d99acc5618faf8772164a3a067c1d1abd4513cf66b7b7a8d7adaa150a18376d",
                "sha256:4c4e9a643f6866f1ea4361b83a6a5c6a0d64e6a391a286e79b7f0844c2ae3c2a",
                "sha256:567947b8e31de852be32941872a72e843e679af8cf0826108be0a4c6108792a3",
                "sha256:623ab16641e4e408359420d615c6a395cb3da23a559a20e57402bebb216bd125",
                "sha256:6aa4bce5111e0bd2c50d452d940ddd87ef6c2632b2da6952fe2dec4f5e103173",
                "sha256:747bfd3e219d5f2c45e50d874ea6da4ae746b3a4601f28566fd29a6ab0966a7a",
                "sha256:78ebe32ccb6807bc8eac652ec9a7875dfa229e947b686a107acaf69259da3d8d",
                "sha256:7ecf2cc782ab3e3d33120aa3fc9da1bfd72155c6ad2ee358d14b81865dda2d65",
                "sha256:888e04d29717e9c47336c814094bd9523b3ec9ed371ce91dfa60636aae1de6f6",
                "sha256:8a8b6018d53fcce291f78dedca19994f82695eed3a2c9eff275691d4ed9aab51",
                "sha256:8bb79a30fd6078e589b39c164acd969d3f5f942a566b7e951c941f6d5c7106fe",
                "sha256:8f8ff492926c2d865bc58121bc15438e8698d8a9b7751b67892ef3516838d462",
                "sha256:abfb4c65937494bb5a3bb5fb3cf44cdb33ac88805effcd702afdb0d7bfb1803f",
                "sha256:acfbfe2a3e236a474100393661291681419ec89e74fb6a51db5325ddd280ab9a",
                "sha256:b03d1dcac192412a1f7125500dcd09baa0ccf9c27f1300870e80981907197583",
                "sha256:ba98f5472d6066386367a3e8d44c327b5438e746a7faf356e6b116338fe6492e",
                "sha256:bb89da8a321a9662330f18c1f8a88dd44966160e7a9e25c86ca16fbc1be31c0d",
                "sha256:bed37f2d2517e18976aa24477cce319fd48efa8fbafe9407101c599ba4a2b481",
                "sha256:c0fb993da9ef2ce62a9f62dcb14fff16f90bae57c073d8d4187072490eb41a68",
                "sha256:c964d5808aa5e44aae9500e70d3f08d5191edf6a355e183d8c6fb8f43dde77ad",
                "sha256:d6a2186a8a85121ee2732bd28c2243dd0451d8095d5e8426351b845fa409b974",
                "sha256:db6d0580bac8a642a31b0e07f220d3c94fe2dda39f559abc2d12713bff7dd3d0",
                "sha256:de693b6da86fbb69bf224bc89abfe479df205e827e20b4a431b03e37b2b5ee34",
                "sha256:e17d8d1adc834112ee8b092661da6231f7cfba9700297069c6b5bce71c07b9b4",
                "sha256:f064528ffb7486b1b2b21f833c729a63e5331e2e6073dfbc73b1d5e96a4d00a2",
                "sha256:f5e003f9ec3ced16691b7b0dbee39318aba3787ba85d01ef1f6627592c3ff75d",
                "sha256:fae29ba16ec075794c50242005be07fc3d5615b0cf3a86e2b60c1123446b574c"
            ],
            "version": "==1.1.0.post1"
        },
        "ufo2ft": {
            "hashes": [
                "sha256:2620b46d1af5f5c41a0b9de858505400d1daee76e70d55cab93340bade218e14",
                "sha256:cec69976ba679ebdbed51cd4fdbfdbf148363acc5cbc6373950717eb95f3542b"
            ],
            "version": "==2.4.0"
        },
        "ufolib": {
            "extras": [
                "lxml"
            ],
            "hashes": [
                "sha256:079cfbfb0dbaf27347d8a818c494856853ee9f21e83d724cf99d572c8bdf5726",
                "sha256:2bc337a78b104e554e3e75c7c99fa1c8b305e2f82022743a34d5c77e2bca29e5"
            ],
            "version": "==2.3.2"
        }
    },
    "develop": {}
}
