{
    "_meta": {
        "hash": {
            "sha256": "45cc185d3e6c962acf7cce59e6d2cdd15bd523b412f6eba0aeb4d6d29a79fc86"
        },
        "pipfile-spec": 6,
        "requires": {
            "python_version": "3.7"
        },
        "sources": [
            {
                "name": "pypi",
                "url": "https://pypi.python.org/simple",
                "verify_ssl": true
            }
        ]
    },
    "default": {
        "appdirs": {
            "hashes": [
                "sha256:9e5896d1372858f8dd3344faf4e5014d21849c756c8d5701f78f8a103b372d92",
                "sha256:d8b24664561d0d34ddfaec54636d502d7cea6e29c3eaf68f3df6180863e2166e"
            ],
            "version": "==1.4.3"
        },
        "booleanoperations": {
            "hashes": [
                "sha256:1750def605e53ca13cf45fedd31b360d241cc6082523e4b71d86c72dd3e9bc8a",
                "sha256:5163839dfe337ff7e30e80feee47a82a9720c972b5ae7779118aa995c30d731b"
            ],
            "version": "==0.8.2"
        },
        "compreffor": {
            "hashes": [
                "sha256:115e4482a7c6cc38875d912f6174a33325c0dd897b3a16fec9b691c6ab930dd7",
                "sha256:1514e847ccb7ddedfd737a5b4d9288d2373c487ba442df831b53da20b63eca8c",
                "sha256:1d920117959f0b1ffd139a750f7871290094047d12aa8d2511522c9054e54a2d",
                "sha256:1ef625b544f334ed9e499a7ded0a0f9dfc540ed4c2d97648281d0438981fbd26",
                "sha256:2f7f0252022819add4d9d4ff61de0cb3aa798c029715cdf165cea2f4389d9eee",
                "sha256:341a5f4e98651ad78833df37cc6ac7551a6c402708642928faf36812ed362c77",
                "sha256:3a0d9d58aa52388231b06c82c6179742b5489e7505c22814c727de2515cb13ec",
                "sha256:5263d09b9d77a3778a5e912dcf1ec83a380ba1fe2b9677891f02f6fd82859a01",
                "sha256:682c5bbd3ce0dc0113d04ef82479a1c8e70c4b59c17be30ba7075f7435696362",
                "sha256:6e3027d0247f3c52dbda7bce1143c9e2c7aa4a496c8e0d76d7dc424bfc9a6749",
                "sha256:6e53a103b89c3f33e173cc1485652b96a7064438bce7efae571ff5c29312eefb",
                "sha256:7056beebec3a64b47300bbcddbf93f3fa6e0d5258767c4b6ea2fdd0cee13ec87",
                "sha256:70cec399f09f506ac25c3b9d5c5f05a12c2f921aeab12dbe273df2f9b0441f7b",
                "sha256:71e053c6c2227016d6c87bc246d97ad30a91f5f2f63e09a1a0fbab18af425cde",
                "sha256:778f7ca8e8584dc20153e9823d4384a5651d33b416d38e25e2288e8be1a243d2",
                "sha256:7a94115e4ff16657f9e869a4131f5567cc28732a0b8fae3e18eb669d4b17f9ec",
                "sha256:9cc069bef16cd95ca8e500dfd75a5308cb63265ad38e407e45a0dad86a3756e6",
                "sha256:9d50df4cae35e1308163654b9b693abb859252d3affd181abb435c579f3fbb5d",
                "sha256:b521d33dedd3dc92fe434de96e5e73beed646c752cbf977d9f6cb2030d89b408",
                "sha256:c3e2bb069aba38a0f519f6359530d2ddddcc39f0367abc805b7464360567c695",
                "sha256:c7635ea46ea2c3811535d1a41f41d41064d0155261c356709aadf4c2ed0e734e",
                "sha256:d82f43c5fa02884ea79a348a43b8f2d7d3a1f5c50b04f9fd739dff10c8d6a99b",
                "sha256:e845e763c273a05ecfab5d30e479a9b1ce268c5e3c123a884927ca2ad85b284c"
            ],
            "version": "==0.4.6.post1"
        },
        "cu2qu": {
            "hashes": [
                "sha256:01a70624163b1a73792ef0f585b614e71e5c4885d06f545aebae85202f71ba62",
                "sha256:0ff0161a4dbc4d84d1d38a17647332d304fbbb0f4536677ce83257d5921ad3fd",
                "sha256:1ee2503516892af930b96fdc1176151314387a015b6af897bd6fa456084260cc",
                "sha256:309d40e11702034f3c6770db20be11712a26d2e2911e436ac1ecb1769f3024d6",
                "sha256:321b62d398c6c39507acc223315b845a54c255ae7c4190289e2584a655b5e160",
                "sha256:4b3bc12761c6ac5cfa3cc95babde8cbec5cd0041bc311a33f403efd7765d8cad",
                "sha256:57ed7856ee520df2cf10e288dbaeba2f9e54da918c12f2ac83d164055067295a",
                "sha256:6bf3dbd5daa5c3ec5e1d6efb1eed36ed2563304398d2100424b673de9f64fd79",
                "sha256:77fa964432afbc7501d60246b87a82de2cf99711eabb60121ce14dcf99f300f9",
                "sha256:7a2f024e3a01fdba1a85290a0d7141abd8a375af80fb178d2412c1cf1e3f86df",
                "sha256:92e8db2338bde72df830556afb5d33cbd3c052c197b3262856646ff2308a2d0e",
                "sha256:b3b4a0d80798489906ca503c4a7a749e0a360670aa2f10f21dd01682e37b8293",
                "sha256:c9197aa2471112c2a7c87c8b509d81ca0daaadbe77a73ba6e0e9a72be3f58f20",
                "sha256:d6727edac77b2d8d3e56b04fe3237c089c2b151db03d6ee777cbb163c52c1c0a",
                "sha256:f10cd6088b7ee83b1a8f7eca886f4355e2152b47432a8e4e7b05eb6390cc7db4",
                "sha256:f3050119434c15cf47896fc50fd9ff2f46f18db3ada31fd8a9c996f456879c24",
                "sha256:f68bfc3c75dfa77dce9813671c86fe1bda2ed0e732dd5818566193097f038e74",
                "sha256:ffc205cc5895c8a39563c63dd9b215345014aff2877155e9a33ee48408dbc352"
            ],
            "version": "==1.6.5"
        },
        "defcon": {
            "extras": [
                "lxml"
            ],
            "hashes": [
                "sha256:52e461961b4b68ae6883f8a14a0d82f2d09f2de7a526b95c7d1b195c10ca745f",
                "sha256:e057303d188f1a0961a0c70eebdedceac7fe11e6cd30421324bb7ee33cfcd614"
            ],
            "version": "==0.6.0"
        },
        "fontmake": {
            "hashes": [
                "sha256:b9d31db71ff6d4e52de56631c4d5b743e32fa77f9cc855af5081f08ea8952328",
                "sha256:ea76f5a0c76966399bb5a8863da8bc90f5a1b46e70b537387ec86ce0a0d8f072"
            ],
            "index": "pypi",
            "version": "==1.9.1"
        },
        "fontmath": {
            "hashes": [
                "sha256:0e44f64d083a8ae66c32da857f40f7906f59dc50d7ae604dfa38936abddcba22",
                "sha256:22cfce913e499b95f99f77117d8f848f5497d2c91fd221a23c2fa65a86552439"
            ],
            "version": "==0.4.9"
        },
        "fonttools": {
            "extras": [
                "lxml",
                "ufo",
                "unicode"
            ],
            "hashes": [
                "sha256:61d4ef6ec9ace5036f058332e15c4ea5f1998236c60ab489916f93f5b464e769",
                "sha256:c898a455a39afbe6707bc17a0e4f720ebe2087fec67683e7c86a13183078204d"
            ],
            "index": "pypi",
            "version": "==3.37.3"
        },
        "fs": {
            "hashes": [
                "sha256:0eb282d23150ea60da98ba2577fd86f9df26aaf3c6ab02deb3d2b7270e473f27",
                "sha256:7b316a212e3a6a6c75755c99508ccd23ad8de2afd88378817c9c8f893f845383"
            ],
            "version": "==2.3.0"
        },
        "glyphslib": {
            "hashes": [
                "sha256:5bbde85ce93bde2f82e84bf1b1ac187af9671cd730f108d0b289a5904fa07647",
                "sha256:eaeaf4d89e43b473a4309a0610c810d7c0a03a9af6211fc292a8ac89aca64b0c"
            ],
            "version": "==3.2.0"
        },
        "lxml": {
            "hashes": [
                "sha256:0dd6589fa75d369ba06d2b5f38dae107f76ea127f212f6a7bee134f6df2d1d21",
                "sha256:1afbac344aa68c29e81ab56c1a9411c3663157b5aee5065b7fa030b398d4f7e0",
                "sha256:1baad9d073692421ad5dbbd81430aba6c7f5fdc347f03537ae046ddf2c9b2297",
                "sha256:1d8736421a2358becd3edf20260e41a06a0bf08a560480d3a5734a6bcbacf591",
                "sha256:1e1d9bddc5afaddf0de76246d3f2152f961697ad7439c559f179002682c45801",
                "sha256:1f179dc8b2643715f020f4d119d5529b02cd794c1c8f305868b73b8674d2a03f",
                "sha256:241fb7bdf97cb1df1edfa8f0bcdfd80525d4023dac4523a241907c8b2f44e541",
                "sha256:2f9765ee5acd3dbdcdc0d0c79309e01f7c16bc8d39b49250bf88de7b46daaf58",
                "sha256:312e1e1b1c3ce0c67e0b8105317323e12807955e8186872affb667dbd67971f6",
                "sha256:3273db1a8055ca70257fd3691c6d2c216544e1a70b673543e15cc077d8e9c730",
                "sha256:34dfaa8c02891f9a246b17a732ca3e99c5e42802416628e740a5d1cb2f50ff49",
                "sha256:3aa3f5288af349a0f3a96448ebf2e57e17332d99f4f30b02093b7948bd9f94cc",
                "sha256:51102e160b9d83c1cc435162d90b8e3c8c93b28d18d87b60c56522d332d26879",
                "sha256:56115fc2e2a4140e8994eb9585119a1ae9223b506826089a3ba753a62bd194a6",
                "sha256:69d83de14dbe8fe51dccfd36f88bf0b40f5debeac763edf9f8325180190eba6e",
                "sha256:99fdce94aeaa3ccbdfcb1e23b34273605c5853aa92ec23d84c84765178662c6c",
                "sha256:a7c0cd5b8a20f3093ee4a67374ccb3b8a126743b15a4d759e2a1bf098faac2b2",
                "sha256:abe12886554634ed95416a46701a917784cb2b4c77bfacac6916681d49bbf83d",
                "sha256:b4f67b5183bd5f9bafaeb76ad119e977ba570d2b0e61202f534ac9b5c33b4485",
                "sha256:bdd7c1658475cc1b867b36d5c4ed4bc316be8d3368abe03d348ba906a1f83b0e",
                "sha256:c6f24149a19f611a415a51b9bc5f17b6c2f698e0d6b41ffb3fa9f24d35d05d73",
                "sha256:d1e111b3ab98613115a208c1017f266478b0ab224a67bc8eac670fa0bad7d488",
                "sha256:d6520aa965773bbab6cb7a791d5895b00d02cf9adc93ac2bf4edb9ac1a6addc5",
                "sha256:dd185cde2ccad7b649593b0cda72021bc8a91667417001dbaf24cd746ecb7c11",
                "sha256:de2e5b0828a9d285f909b5d2e9d43f1cf6cf21fe65bc7660bdaa1780c7b58298",
                "sha256:f726444b8e909c4f41b4fde416e1071cf28fa84634bfb4befdf400933b6463af"
            ],
            "version": "==4.3.0"
        },
        "mutatormath": {
            "hashes": [
                "sha256:6930f966a07a7459bcdb15b36dbcb615a791853d79965897cedb1047d5beeecb",
                "sha256:a1690a819b61885469bb95b5f2795e06c48322245e015f7a78eaf0e20dc59699"
            ],
            "version": "==2.1.2"
        },
        "pyclipper": {
            "hashes": [
                "sha256:0b37d39bd9d4f330918de20c169e7d74108217a752533ec6ac54c6a8825adcec",
                "sha256:0d99acc5618faf8772164a3a067c1d1abd4513cf66b7b7a8d7adaa150a18376d",
                "sha256:4c4e9a643f6866f1ea4361b83a6a5c6a0d64e6a391a286e79b7f0844c2ae3c2a",
                "sha256:567947b8e31de852be32941872a72e843e679af8cf0826108be0a4c6108792a3",
                "sha256:623ab16641e4e408359420d615c6a395cb3da23a559a20e57402bebb216bd125",
                "sha256:6aa4bce5111e0bd2c50d452d940ddd87ef6c2632b2da6952fe2dec4f5e103173",
                "sha256:747bfd3e219d5f2c45e50d874ea6da4ae746b3a4601f28566fd29a6ab0966a7a",
                "sha256:78ebe32ccb6807bc8eac652ec9a7875dfa229e947b686a107acaf69259da3d8d",
                "sha256:7ecf2cc782ab3e3d33120aa3fc9da1bfd72155c6ad2ee358d14b81865dda2d65",
                "sha256:888e04d29717e9c47336c814094bd9523b3ec9ed371ce91dfa60636aae1de6f6",
                "sha256:8a8b6018d53fcce291f78dedca19994f82695eed3a2c9eff275691d4ed9aab51",
                "sha256:8bb79a30fd6078e589b39c164acd969d3f5f942a566b7e951c941f6d5c7106fe",
                "sha256:8f8ff492926c2d865bc58121bc15438e8698d8a9b7751b67892ef3516838d462",
                "sha256:abfb4c65937494bb5a3bb5fb3cf44cdb33ac88805effcd702afdb0d7bfb1803f",
                "sha256:acfbfe2a3e236a474100393661291681419ec89e74fb6a51db5325ddd280ab9a",
                "sha256:b03d1dcac192412a1f7125500dcd09baa0ccf9c27f1300870e80981907197583",
                "sha256:ba98f5472d6066386367a3e8d44c327b5438e746a7faf356e6b116338fe6492e",
                "sha256:bb89da8a321a9662330f18c1f8a88dd44966160e7a9e25c86ca16fbc1be31c0d",
                "sha256:bed37f2d2517e18976aa24477cce319fd48efa8fbafe9407101c599ba4a2b481",
                "sha256:c0fb993da9ef2ce62a9f62dcb14fff16f90bae57c073d8d4187072490eb41a68",
                "sha256:c964d5808aa5e44aae9500e70d3f08d5191edf6a355e183d8c6fb8f43dde77ad",
                "sha256:d6a2186a8a85121ee2732bd28c2243dd0451d8095d5e8426351b845fa409b974",
                "sha256:db6d0580bac8a642a31b0e07f220d3c94fe2dda39f559abc2d12713bff7dd3d0",
                "sha256:de693b6da86fbb69bf224bc89abfe479df205e827e20b4a431b03e37b2b5ee34",
                "sha256:e17d8d1adc834112ee8b092661da6231f7cfba9700297069c6b5bce71c07b9b4",
                "sha256:f064528ffb7486b1b2b21f833c729a63e5331e2e6073dfbc73b1d5e96a4d00a2",
                "sha256:f5e003f9ec3ced16691b7b0dbee39318aba3787ba85d01ef1f6627592c3ff75d",
                "sha256:fae29ba16ec075794c50242005be07fc3d5615b0cf3a86e2b60c1123446b574c"
            ],
            "version": "==1.1.0.post1"
        },
        "pytz": {
            "hashes": [
                "sha256:32b0891edff07e28efe91284ed9c31e123d84bea3fd98e1f72be2508f43ef8d9",
                "sha256:d5f05e487007e29e03409f9398d074e158d920d36eb82eaf66fb1136b0c5374c"
            ],
            "version": "==2018.9"
        },
        "six": {
            "hashes": [
                "sha256:3350809f0555b11f552448330d0b52d5f24c91a322ea4a15ef22629740f3761c",
                "sha256:d16a0141ec1a18405cd4ce8b4613101da75da0e9a7aec5bdd4fa804d0e0eba73"
            ],
            "version": "==1.12.0"
        },
        "ufo2ft": {
            "hashes": [
                "sha256:2ba3fc0df54d85a8f50c0f5956d780a886fd2f8449446abe1abe4a8160dcc5bf",
                "sha256:68dcb3d58c9d632024341857efee94279fd028720fb3a68c7eed7aba7b47fd47"
            ],
            "version": "==2.7.0"
        }
    },
    "develop": {}
}
